// !$*UTF8*$!
{
	archiveVersion = 1;
	classes = {
	};
	objectVersion = 46;
	objects = {

/* Begin PBXBuildFile section */
		BE11162B1B62196700A3DCA4 /* main.m in Sources */ = {isa = PBXBuildFile; fileRef = BE11162A1B62196700A3DCA4 /* main.m */; };
		BE11162E1B62196700A3DCA4 /* AppDelegate.m in Sources */ = {isa = PBXBuildFile; fileRef = BE11162D1B62196700A3DCA4 /* AppDelegate.m */; };
		BE1116311B62196700A3DCA4 /* ViewController.m in Sources */ = {isa = PBXBuildFile; fileRef = BE1116301B62196700A3DCA4 /* ViewController.m */; };
		BE1116341B62196700A3DCA4 /* Main.storyboard in Resources */ = {isa = PBXBuildFile; fileRef = BE1116321B62196700A3DCA4 /* Main.storyboard */; };
		BE1116361B62196700A3DCA4 /* Images.xcassets in Resources */ = {isa = PBXBuildFile; fileRef = BE1116351B62196700A3DCA4 /* Images.xcassets */; };
		BE1116391B62196700A3DCA4 /* LaunchScreen.xib in Resources */ = {isa = PBXBuildFile; fileRef = BE1116371B62196700A3DCA4 /* LaunchScreen.xib */; };
		BE1116451B62196700A3DCA4 /* sampleCoreDataTests.m in Sources */ = {isa = PBXBuildFile; fileRef = BE1116441B62196700A3DCA4 /* sampleCoreDataTests.m */; };
		BE1116501B62197B00A3DCA4 /* Model.xcdatamodeld in Sources */ = {isa = PBXBuildFile; fileRef = BE11164E1B62197B00A3DCA4 /* Model.xcdatamodeld */; };
/* End PBXBuildFile section */

/* Begin PBXContainerItemProxy section */
		BE11163F1B62196700A3DCA4 /* PBXContainerItemProxy */ = {
			isa = PBXContainerItemProxy;
			containerPortal = BE11161D1B62196700A3DCA4 /* Project object */;
			proxyType = 1;
			remoteGlobalIDString = BE1116241B62196700A3DCA4;
			remoteInfo = sampleCoreData;
		};
/* End PBXContainerItemProxy section */

/* Begin PBXFileReference section */
		BE1116251B62196700A3DCA4 /* sampleCoreData.app */ = {isa = PBXFileReference; explicitFileType = wrapper.application; includeInIndex = 0; path = sampleCoreData.app; sourceTree = BUILT_PRODUCTS_DIR; };
		BE1116291B62196700A3DCA4 /* Info.plist */ = {isa = PBXFileReference; lastKnownFileType = text.plist.xml; path = Info.plist; sourceTree = "<group>"; };
		BE11162A1B62196700A3DCA4 /* main.m */ = {isa = PBXFileReference; lastKnownFileType = sourcecode.c.objc; path = main.m; sourceTree = "<group>"; };
		BE11162C1B62196700A3DCA4 /* AppDelegate.h */ = {isa = PBXFileReference; lastKnownFileType = sourcecode.c.h; path = AppDelegate.h; sourceTree = "<group>"; };
		BE11162D1B62196700A3DCA4 /* AppDelegate.m */ = {isa = PBXFileReference; lastKnownFileType = sourcecode.c.objc; path = AppDelegate.m; sourceTree = "<group>"; };
		BE11162F1B62196700A3DCA4 /* ViewController.h */ = {isa = PBXFileReference; lastKnownFileType = sourcecode.c.h; path = ViewController.h; sourceTree = "<group>"; };
		BE1116301B62196700A3DCA4 /* ViewController.m */ = {isa = PBXFileReference; lastKnownFileType = sourcecode.c.objc; path = ViewController.m; sourceTree = "<group>"; };
		BE1116331B62196700A3DCA4 /* Base */ = {isa = PBXFileReference; lastKnownFileType = file.storyboard; name = Base; path = Base.lproj/Main.storyboard; sourceTree = "<group>"; };
		BE1116351B62196700A3DCA4 /* Images.xcassets */ = {isa = PBXFileReference; lastKnownFileType = folder.assetcatalog; path = Images.xcassets; sourceTree = "<group>"; };
		BE1116381B62196700A3DCA4 /* Base */ = {isa = PBXFileReference; lastKnownFileType = file.xib; name = Base; path = Base.lproj/LaunchScreen.xib; sourceTree = "<group>"; };
		BE11163E1B62196700A3DCA4 /* sampleCoreDataTests.xctest */ = {isa = PBXFileReference; explicitFileType = wrapper.cfbundle; includeInIndex = 0; path = sampleCoreDataTests.xctest; sourceTree = BUILT_PRODUCTS_DIR; };
		BE1116431B62196700A3DCA4 /* Info.plist */ = {isa = PBXFileReference; lastKnownFileType = text.plist.xml; path = Info.plist; sourceTree = "<group>"; };
		BE1116441B62196700A3DCA4 /* sampleCoreDataTests.m */ = {isa = PBXFileReference; lastKnownFileType = sourcecode.c.objc; path = sampleCoreDataTests.m; sourceTree = "<group>"; };
		BE11164F1B62197B00A3DCA4 /* Model.xcdatamodel */ = {isa = PBXFileReference; lastKnownFileType = wrapper.xcdatamodel; path = Model.xcdatamodel; sourceTree = "<group>"; };
/* End PBXFileReference section */

/* Begin PBXFrameworksBuildPhase section */
		BE1116221B62196700A3DCA4 /* Frameworks */ = {
			isa = PBXFrameworksBuildPhase;
			buildActionMask = 2147483647;
			files = (
			);
			runOnlyForDeploymentPostprocessing = 0;
		};
		BE11163B1B62196700A3DCA4 /* Frameworks */ = {
			isa = PBXFrameworksBuildPhase;
			buildActionMask = 2147483647;
			files = (
			);
			runOnlyForDeploymentPostprocessing = 0;
		};
/* End PBXFrameworksBuildPhase section */

/* Begin PBXGroup section */
		BE11161C1B62196700A3DCA4 = {
			isa = PBXGroup;
			children = (
				BE1116271B62196700A3DCA4 /* sampleCoreData */,
				BE1116411B62196700A3DCA4 /* sampleCoreDataTests */,
				BE1116261B62196700A3DCA4 /* Products */,
			);
			sourceTree = "<group>";
		};
		BE1116261B62196700A3DCA4 /* Products */ = {
			isa = PBXGroup;
			children = (
				BE1116251B62196700A3DCA4 /* sampleCoreData.app */,
				BE11163E1B62196700A3DCA4 /* sampleCoreDataTests.xctest */,
			);
			name = Products;
			sourceTree = "<group>";
		};
		BE1116271B62196700A3DCA4 /* sampleCoreData */ = {
			isa = PBXGroup;
			children = (
				BE11162C1B62196700A3DCA4 /* AppDelegate.h */,
				BE11162D1B62196700A3DCA4 /* AppDelegate.m */,
				BE11162F1B62196700A3DCA4 /* ViewController.h */,
				BE1116301B62196700A3DCA4 /* ViewController.m */,
				BE1116321B62196700A3DCA4 /* Main.storyboard */,
				BE1116351B62196700A3DCA4 /* Images.xcassets */,
				BE1116371B62196700A3DCA4 /* LaunchScreen.xib */,
				BE1116281B62196700A3DCA4 /* Supporting Files */,
				BE11164E1B62197B00A3DCA4 /* Model.xcdatamodeld */,
			);
			path = sampleCoreData;
			sourceTree = "<group>";
		};
		BE1116281B62196700A3DCA4 /* Supporting Files */ = {
			isa = PBXGroup;
			children = (
				BE1116291B62196700A3DCA4 /* Info.plist */,
				BE11162A1B62196700A3DCA4 /* main.m */,
			);
			name = "Supporting Files";
			sourceTree = "<group>";
		};
		BE1116411B62196700A3DCA4 /* sampleCoreDataTests */ = {
			isa = PBXGroup;
			children = (
				BE1116441B62196700A3DCA4 /* sampleCoreDataTests.m */,
				BE1116421B62196700A3DCA4 /* Supporting Files */,
			);
			path = sampleCoreDataTests;
			sourceTree = "<group>";
		};
		BE1116421B62196700A3DCA4 /* Supporting Files */ = {
			isa = PBXGroup;
			children = (
				BE1116431B62196700A3DCA4 /* Info.plist */,
			);
			name = "Supporting Files";
			sourceTree = "<group>";
		};
/* End PBXGroup section */

/* Begin PBXNativeTarget section */
		BE1116241B62196700A3DCA4 /* sampleCoreData */ = {
			isa = PBXNativeTarget;
			buildConfigurationList = BE1116481B62196700A3DCA4 /* Build configuration list for PBXNativeTarget "sampleCoreData" */;
			buildPhases = (
				BE1116211B62196700A3DCA4 /* Sources */,
				BE1116221B62196700A3DCA4 /* Frameworks */,
				BE1116231B62196700A3DCA4 /* Resources */,
			);
			buildRules = (
			);
			dependencies = (
			);
			name = sampleCoreData;
			productName = sampleCoreData;
			productReference = BE1116251B62196700A3DCA4 /* sampleCoreData.app */;
			productType = "com.apple.product-type.application";
		};
		BE11163D1B62196700A3DCA4 /* sampleCoreDataTests */ = {
			isa = PBXNativeTarget;
			buildConfigurationList = BE11164B1B62196700A3DCA4 /* Build configuration list for PBXNativeTarget "sampleCoreDataTests" */;
			buildPhases = (
				BE11163A1B62196700A3DCA4 /* Sources */,
				BE11163B1B62196700A3DCA4 /* Frameworks */,
				BE11163C1B62196700A3DCA4 /* Resources */,
			);
			buildRules = (
			);
			dependencies = (
				BE1116401B62196700A3DCA4 /* PBXTargetDependency */,
			);
			name = sampleCoreDataTests;
			productName = sampleCoreDataTests;
			productReference = BE11163E1B62196700A3DCA4 /* sampleCoreDataTests.xctest */;
			productType = "com.apple.product-type.bundle.unit-test";
		};
/* End PBXNativeTarget section */

/* Begin PBXProject section */
		BE11161D1B62196700A3DCA4 /* Project object */ = {
			isa = PBXProject;
			attributes = {
				LastUpgradeCheck = 0640;
				ORGANIZATIONNAME = Intelligrape;
				TargetAttributes = {
					BE1116241B62196700A3DCA4 = {
						CreatedOnToolsVersion = 6.4;
					};
					BE11163D1B62196700A3DCA4 = {
						CreatedOnToolsVersion = 6.4;
						TestTargetID = BE1116241B62196700A3DCA4;
					};
				};
			};
			buildConfigurationList = BE1116201B62196700A3DCA4 /* Build configuration list for PBXProject "sampleCoreData" */;
			compatibilityVersion = "Xcode 3.2";
			developmentRegion = English;
			hasScannedForEncodings = 0;
			knownRegions = (
				en,
				Base,
			);
			mainGroup = BE11161C1B62196700A3DCA4;
			productRefGroup = BE1116261B62196700A3DCA4 /* Products */;
			projectDirPath = "";
			projectRoot = "";
			targets = (
				BE1116241B62196700A3DCA4 /* sampleCoreData */,
				BE11163D1B62196700A3DCA4 /* sampleCoreDataTests */,
			);
		};
/* End PBXProject section */

/* Begin PBXResourcesBuildPhase section */
		BE1116231B62196700A3DCA4 /* Resources */ = {
			isa = PBXResourcesBuildPhase;
			buildActionMask = 2147483647;
			files = (
				BE1116341B62196700A3DCA4 /* Main.storyboard in Resources */,
				BE1116391B62196700A3DCA4 /* LaunchScreen.xib in Resources */,
				BE1116361B62196700A3DCA4 /* Images.xcassets in Resources */,
			);
			runOnlyForDeploymentPostprocessing = 0;
		};
		BE11163C1B62196700A3DCA4 /* Resources */ = {
			isa = PBXResourcesBuildPhase;
			buildActionMask = 2147483647;
			files = (
			);
			runOnlyForDeploymentPostprocessing = 0;
		};
/* End PBXResourcesBuildPhase section */

/* Begin PBXSourcesBuildPhase section */
		BE1116211B62196700A3DCA4 /* Sources */ = {
			isa = PBXSourcesBuildPhase;
			buildActionMask = 2147483647;
			files = (
				BE1116311B62196700A3DCA4 /* ViewController.m in Sources */,
				BE11162E1B62196700A3DCA4 /* AppDelegate.m in Sources */,
				BE11162B1B62196700A3DCA4 /* main.m in Sources */,
				BE1116501B62197B00A3DCA4 /* Model.xcdatamodeld in Sources */,
			);
			runOnlyForDeploymentPostprocessing = 0;
		};
		BE11163A1B62196700A3DCA4 /* Sources */ = {
			isa = PBXSourcesBuildPhase;
			buildActionMask = 2147483647;
			files = (
				BE1116451B62196700A3DCA4 /* sampleCoreDataTests.m in Sources */,
			);
			runOnlyForDeploymentPostprocessing = 0;
		};
/* End PBXSourcesBuildPhase section */

/* Begin PBXTargetDependency section */
		BE1116401B62196700A3DCA4 /* PBXTargetDependency */ = {
			isa = PBXTargetDependency;
			target = BE1116241B62196700A3DCA4 /* sampleCoreData */;
			targetProxy = BE11163F1B62196700A3DCA4 /* PBXContainerItemProxy */;
		};
/* End PBXTargetDependency section */

/* Begin PBXVariantGroup section */
		BE1116321B62196700A3DCA4 /* Main.storyboard */ = {
			isa = PBXVariantGroup;
			children = (
				BE1116331B62196700A3DCA4 /* Base */,
			);
			name = Main.storyboard;
			sourceTree = "<group>";
		};
		BE1116371B62196700A3DCA4 /* LaunchScreen.xib */ = {
			isa = PBXVariantGroup;
			children = (
				BE1116381B62196700A3DCA4 /* Base */,
			);
			name = LaunchScreen.xib;
			sourceTree = "<group>";
		};
/* End PBXVariantGroup section */

/* Begin XCBuildConfiguration section */
		BE1116461B62196700A3DCA4 /* Debug */ = {
			isa = XCBuildConfiguration;
			buildSettings = {
				ALWAYS_SEARCH_USER_PATHS = NO;
				CLANG_CXX_LANGUAGE_STANDARD = "gnu++0x";
				CLANG_CXX_LIBRARY = "libc++";
				CLANG_ENABLE_MODULES = YES;
				CLANG_ENABLE_OBJC_ARC = YES;
				CLANG_WARN_BOOL_CONVERSION = YES;
				CLANG_WARN_CONSTANT_CONVERSION = YES;
				CLANG_WARN_DIRECT_OBJC_ISA_USAGE = YES_ERROR;
				CLANG_WARN_EMPTY_BODY = YES;
				CLANG_WARN_ENUM_CONVERSION = YES;
				CLANG_WARN_INT_CONVERSION = YES;
				CLANG_WARN_OBJC_ROOT_CLASS = YES_ERROR;
				CLANG_WARN_UNREACHABLE_CODE = YES;
				CLANG_WARN__DUPLICATE_METHOD_MATCH = YES;
				"CODE_SIGN_IDENTITY[sdk=iphoneos*]" = "iPhone Developer";
				COPY_PHASE_STRIP = NO;
				DEBUG_INFORMATION_FORMAT = "dwarf-with-dsym";
				ENABLE_STRICT_OBJC_MSGSEND = YES;
				GCC_C_LANGUAGE_STANDARD = gnu99;
				GCC_DYNAMIC_NO_PIC = NO;
				GCC_NO_COMMON_BLOCKS = YES;
				GCC_OPTIMIZATION_LEVEL = 0;
				GCC_PREPROCESSOR_DEFINITIONS = (
					"DEBUG=1",
					"$(inherited)",
				);
				GCC_SYMBOLS_PRIVATE_EXTERN = NO;
				GCC_WARN_64_TO_32_BIT_CONVERSION = YES;
				GCC_WARN_ABOUT_RETURN_TYPE = YES_ERROR;
				GCC_WARN_UNDECLARED_SELECTOR = YES;
				GCC_WARN_UNINITIALIZED_AUTOS = YES_AGGRESSIVE;
				GCC_WARN_UNUSED_FUNCTION = YES;
				GCC_WARN_UNUSED_VARIABLE = YES;
				IPHONEOS_DEPLOYMENT_TARGET = 8.4;
				MTL_ENABLE_DEBUG_INFO = YES;
				ONLY_ACTIVE_ARCH = YES;
				SDKROOT = iphoneos;
			};
			name = Debug;
		};
		BE1116471B62196700A3DCA4 /* Release */ = {
			isa = XCBuildConfiguration;
			buildSettings = {
				ALWAYS_SEARCH_USER_PATHS = NO;
				CLANG_CXX_LANGUAGE_STANDARD = "gnu++0x";
				CLANG_CXX_LIBRARY = "libc++";
				CLANG_ENABLE_MODULES = YES;
				CLANG_ENABLE_OBJC_ARC = YES;
				CLANG_WARN_BOOL_CONVERSION = YES;
				CLANG_WARN_CONSTANT_CONVERSION = YES;
				CLANG_WARN_DIRECT_OBJC_ISA_USAGE = YES_ERROR;
				CLANG_WARN_EMPTY_BODY = YES;
				CLANG_WARN_ENUM_CONVERSION = YES;
				CLANG_WARN_INT_CONVERSION = YES;
				CLANG_WARN_OBJC_ROOT_CLASS = YES_ERROR;
				CLANG_WARN_UNREACHABLE_CODE = YES;
				CLANG_WARN__DUPLICATE_METHOD_MATCH = YES;
				"CODE_SIGN_IDENTITY[sdk=iphoneos*]" = "iPhone Developer";
				COPY_PHASE_STRIP = NO;
				DEBUG_INFORMATION_FORMAT = "dwarf-with-dsym";
				ENABLE_NS_ASSERTIONS = NO;
				ENABLE_STRICT_OBJC_MSGSEND = YES;
				GCC_C_LANGUAGE_STANDARD = gnu99;
				GCC_NO_COMMON_BLOCKS = YES;
				GCC_WARN_64_TO_32_BIT_CONVERSION = YES;
				GCC_WARN_ABOUT_RETURN_TYPE = YES_ERROR;
				GCC_WARN_UNDECLARED_SELECTOR = YES;
				GCC_WARN_UNINITIALIZED_AUTOS = YES_AGGRESSIVE;
				GCC_WARN_UNUSED_FUNCTION = YES;
				GCC_WARN_UNUSED_VARIABLE = YES;
				IPHONEOS_DEPLOYMENT_TARGET = 8.4;
				MTL_ENABLE_DEBUG_INFO = NO;
				SDKROOT = iphoneos;
				VALIDATE_PRODUCT = YES;
			};
			name = Release;
		};
		BE1116491B62196700A3DCA4 /* Debug */ = {
			isa = XCBuildConfiguration;
			buildSettings = {
				ASSETCATALOG_COMPILER_APPICON_NAME = AppIcon;
				INFOPLIST_FILE = sampleCoreData/Info.plist;
				LD_RUNPATH_SEARCH_PATHS = "$(inherited) @executable_path/Frameworks";
				PRODUCT_NAME = "$(TARGET_NAME)";
			};
			name = Debug;
		};
		BE11164A1B62196700A3DCA4 /* Release */ = {
			isa = XCBuildConfiguration;
			buildSettings = {
				ASSETCATALOG_COMPILER_APPICON_NAME = AppIcon;
				INFOPLIST_FILE = sampleCoreData/Info.plist;
				LD_RUNPATH_SEARCH_PATHS = "$(inherited) @executable_path/Frameworks";
				PRODUCT_NAME = "$(TARGET_NAME)";
			};
			name = Release;
		};
		BE11164C1B62196700A3DCA4 /* Debug */ = {
			isa = XCBuildConfiguration;
			buildSettings = {
				BUNDLE_LOADER = "$(TEST_HOST)";
				FRAMEWORK_SEARCH_PATHS = (
					"$(SDKROOT)/Developer/Library/Frameworks",
					"$(inherited)",
				);
				GCC_PREPROCESSOR_DEFINITIONS = (
					"DEBUG=1",
					"$(inherited)",
				);
				INFOPLIST_FILE = sampleCoreDataTests/Info.plist;
				LD_RUNPATH_SEARCH_PATHS = "$(inherited) @executable_path/Frameworks @loader_path/Frameworks";
				PRODUCT_NAME = "$(TARGET_NAME)";
				TEST_HOST = "$(BUILT_PRODUCTS_DIR)/sampleCoreData.app/sampleCoreData";
			};
			name = Debug;
		};
		BE11164D1B62196700A3DCA4 /* Release */ = {
			isa = XCBuildConfiguration;
			buildSettings = {
				BUNDLE_LOADER = "$(TEST_HOST)";
				FRAMEWORK_SEARCH_PATHS = (
					"$(SDKROOT)/Developer/Library/Frameworks",
					"$(inherited)",
				);
				INFOPLIST_FILE = sampleCoreDataTests/Info.plist;
				LD_RUNPATH_SEARCH_PATHS = "$(inherited) @executable_path/Frameworks @loader_path/Frameworks";
				PRODUCT_NAME = "$(TARGET_NAME)";
				TEST_HOST = "$(BUILT_PRODUCTS_DIR)/sampleCoreData.app/sampleCoreData";
			};
			name = Release;
		};
/* End XCBuildConfiguration section */

/* Begin XCConfigurationList section */
		BE1116201B62196700A3DCA4 /* Build configuration list for PBXProject "sampleCoreData" */ = {
			isa = XCConfigurationList;
			buildConfigurations = (
				BE1116461B62196700A3DCA4 /* Debug */,
				BE1116471B62196700A3DCA4 /* Release */,
			);
			defaultConfigurationIsVisible = 0;
			defaultConfigurationName = Release;
		};
		BE1116481B62196700A3DCA4 /* Build configuration list for PBXNativeTarget "sampleCoreData" */ = {
			isa = XCConfigurationList;
			buildConfigurations = (
				BE1116491B62196700A3DCA4 /* Debug */,
				BE11164A1B62196700A3DCA4 /* Release */,
			);
			defaultConfigurationIsVisible = 0;
		};
		BE11164B1B62196700A3DCA4 /* Build configuration list for PBXNativeTarget "sampleCoreDataTests" */ = {
			isa = XCConfigurationList;
			buildConfigurations = (
				BE11164C1B62196700A3DCA4 /* Debug */,
				BE11164D1B62196700A3DCA4 /* Release */,
			);
			defaultConfigurationIsVisible = 0;
		};
/* End XCConfigurationList section */

/* Begin XCVersionGroup section */
		BE11164E1B62197B00A3DCA4 /* Model.xcdatamodeld */ = {
			isa = XCVersionGroup;
			children = (
				BE11164F1B62197B00A3DCA4 /* Model.xcdatamodel */,
			);
			currentVersion = BE11164F1B62197B00A3DCA4 /* Model.xcdatamodel */;
			path = Model.xcdatamodeld;
			sourceTree = "<group>";
			versionGroupType = wrapper.xcdatamodel;
		};
/* End XCVersionGroup section */
	};
	rootObject = BE11161D1B62196700A3DCA4 /* Project object */;
}
